
Microsoft Visual Studio Solution File, Format Version 12.00
# Visual Studio Version 17
VisualStudioVersion = 17.2.32526.322
MinimumVisualStudioVersion = 10.0.40219.1
Project("{FAE04EC0-301F-11D3-BF4B-00C04F79EFBC}") = "ActivityMonitorAPI", "ActivityMonitorAPI\ActivityMonitorAPI.csproj", "{2C692EA8-F8D6-4B1A-8B0E-7606263D1204}"
EndProject
Project("{FAE04EC0-301F-11D3-BF4B-00C04F79EFBC}") = "ActivityMonitor.UNIT_TESTS", "ActivityMonitor.UNIT_TESTS\ActivityMonitor.UNIT_TESTS.csproj", "{5CE6F274-4B28-4934-90D7-CDA082C2ADF7}"
EndProject
Global
	GlobalSection(SolutionConfigurationPlatforms) = preSolution
		Debug|Any CPU = Debug|Any CPU
		Release|Any CPU = Release|Any CPU
	EndGlobalSection
	GlobalSection(ProjectConfigurationPlatforms) = postSolution
		{2C692EA8-F8D6-4B1A-8B0E-7606263D1204}.Debug|Any CPU.ActiveCfg = Debug|Any CPU
		{2C692EA8-F8D6-4B1A-8B0E-7606263D1204}.Debug|Any CPU.Build.0 = Debug|Any CPU
		{2C692EA8-F8D6-4B1A-8B0E-7606263D1204}.Release|Any CPU.ActiveCfg = Release|Any CPU
		{2C692EA8-F8D6-4B1A-8B0E-7606263D1204}.Release|Any CPU.Build.0 = Release|Any CPU
		{5CE6F274-4B28-4934-90D7-CDA082C2ADF7}.Debug|Any CPU.ActiveCfg = Debug|Any CPU
		{5CE6F274-4B28-4934-90D7-CDA082C2ADF7}.Debug|Any CPU.Build.0 = Debug|Any CPU
		{5CE6F274-4B28-4934-90D7-CDA082C2ADF7}.Release|Any CPU.ActiveCfg = Release|Any CPU
		{5CE6F274-4B28-4934-90D7-CDA082C2ADF7}.Release|Any CPU.Build.0 = Release|Any CPU
	EndGlobalSection
	GlobalSection(SolutionProperties) = preSolution
		HideSolutionNode = FALSE
	EndGlobalSection
	GlobalSection(ExtensibilityGlobals) = postSolution
		SolutionGuid = {D0F4897B-3A97-4E26-AC50-E801FCB1B03B}
	EndGlobalSection
EndGlobal
